
Microsoft Visual Studio Solution File, Format Version 12.00
# Visual Studio Version 16
VisualStudioVersion = 16.0.29709.97
MinimumVisualStudioVersion = 10.0.40219.1
Project("{FAE04EC0-301F-11D3-BF4B-00C04F79EFBC}") = "AwesomeApp.Android", "AwesomeApp.Android\AwesomeApp.Android.csproj", "{95786800-49D1-4A6D-BEA5-B68AB3595C6F}"
EndProject
Project("{FAE04EC0-301F-11D3-BF4B-00C04F79EFBC}") = "AwesomeApp.iOS", "AwesomeApp.iOS\AwesomeApp.iOS.csproj", "{D006A6B1-6BC9-47C6-BC37-10FB2A6802BB}"
EndProject
Project("{FAE04EC0-301F-11D3-BF4B-00C04F79EFBC}") = "AwesomeApp", "AwesomeApp\AwesomeApp.csproj", "{74EC35F3-5FF4-4B74-A1E4-BA39F57D20E2}"
EndProject
Global
	GlobalSection(SolutionConfigurationPlatforms) = preSolution
		Debug|Any CPU = Debug|Any CPU
		Debug|iPhone = Debug|iPhone
		Debug|iPhoneSimulator = Debug|iPhoneSimulator
		Release|Any CPU = Release|Any CPU
		Release|iPhone = Release|iPhone
		Release|iPhoneSimulator = Release|iPhoneSimulator
	EndGlobalSection
	GlobalSection(ProjectConfigurationPlatforms) = postSolution
		{95786800-49D1-4A6D-BEA5-B68AB3595C6F}.Debug|Any CPU.ActiveCfg = Debug|Any CPU
		{95786800-49D1-4A6D-BEA5-B68AB3595C6F}.Debug|Any CPU.Build.0 = Debug|Any CPU
		{95786800-49D1-4A6D-BEA5-B68AB3595C6F}.Debug|Any CPU.Deploy.0 = Debug|Any CPU
		{95786800-49D1-4A6D-BEA5-B68AB3595C6F}.Debug|iPhone.ActiveCfg = Debug|Any CPU
		{95786800-49D1-4A6D-BEA5-B68AB3595C6F}.Debug|iPhone.Build.0 = Debug|Any CPU
		{95786800-49D1-4A6D-BEA5-B68AB3595C6F}.Debug|iPhone.Deploy.0 = Debug|Any CPU
		{95786800-49D1-4A6D-BEA5-B68AB3595C6F}.Debug|iPhoneSimulator.ActiveCfg = Debug|Any CPU
		{95786800-49D1-4A6D-BEA5-B68AB3595C6F}.Debug|iPhoneSimulator.Build.0 = Debug|Any CPU
		{95786800-49D1-4A6D-BEA5-B68AB3595C6F}.Debug|iPhoneSimulator.Deploy.0 = Debug|Any CPU
		{95786800-49D1-4A6D-BEA5-B68AB3595C6F}.Release|Any CPU.ActiveCfg = Release|Any CPU
		{95786800-49D1-4A6D-BEA5-B68AB3595C6F}.Release|Any CPU.Build.0 = Release|Any CPU
		{95786800-49D1-4A6D-BEA5-B68AB3595C6F}.Release|Any CPU.Deploy.0 = Release|Any CPU
		{95786800-49D1-4A6D-BEA5-B68AB3595C6F}.Release|iPhone.ActiveCfg = Release|Any CPU
		{95786800-49D1-4A6D-BEA5-B68AB3595C6F}.Release|iPhone.Build.0 = Release|Any CPU
		{95786800-49D1-4A6D-BEA5-B68AB3595C6F}.Release|iPhone.Deploy.0 = Release|Any CPU
		{95786800-49D1-4A6D-BEA5-B68AB3595C6F}.Release|iPhoneSimulator.ActiveCfg = Release|Any CPU
		{95786800-49D1-4A6D-BEA5-B68AB3595C6F}.Release|iPhoneSimulator.Build.0 = Release|Any CPU
		{95786800-49D1-4A6D-BEA5-B68AB3595C6F}.Release|iPhoneSimulator.Deploy.0 = Release|Any CPU
		{D006A6B1-6BC9-47C6-BC37-10FB2A6802BB}.Debug|Any CPU.ActiveCfg = Debug|iPhoneSimulator
		{D006A6B1-6BC9-47C6-BC37-10FB2A6802BB}.Debug|Any CPU.Build.0 = Debug|iPhoneSimulator
		{D006A6B1-6BC9-47C6-BC37-10FB2A6802BB}.Debug|Any CPU.Deploy.0 = Debug|iPhoneSimulator
		{D006A6B1-6BC9-47C6-BC37-10FB2A6802BB}.Debug|iPhone.ActiveCfg = Debug|iPhone
		{D006A6B1-6BC9-47C6-BC37-10FB2A6802BB}.Debug|iPhone.Build.0 = Debug|iPhone
		{D006A6B1-6BC9-47C6-BC37-10FB2A6802BB}.Debug|iPhone.Deploy.0 = Debug|iPhone
		{D006A6B1-6BC9-47C6-BC37-10FB2A6802BB}.Debug|iPhoneSimulator.ActiveCfg = Debug|iPhoneSimulator
		{D006A6B1-6BC9-47C6-BC37-10FB2A6802BB}.Debug|iPhoneSimulator.Build.0 = Debug|iPhoneSimulator
		{D006A6B1-6BC9-47C6-BC37-10FB2A6802BB}.Debug|iPhoneSimulator.Deploy.0 = Debug|iPhoneSimulator
		{D006A6B1-6BC9-47C6-BC37-10FB2A6802BB}.Release|Any CPU.ActiveCfg = Release|iPhone
		{D006A6B1-6BC9-47C6-BC37-10FB2A6802BB}.Release|Any CPU.Build.0 = Release|iPhone
		{D006A6B1-6BC9-47C6-BC37-10FB2A6802BB}.Release|Any CPU.Deploy.0 = Release|iPhone
		{D006A6B1-6BC9-47C6-BC37-10FB2A6802BB}.Release|iPhone.ActiveCfg = Release|iPhone
		{D006A6B1-6BC9-47C6-BC37-10FB2A6802BB}.Release|iPhone.Build.0 = Release|iPhone
		{D006A6B1-6BC9-47C6-BC37-10FB2A6802BB}.Release|iPhone.Deploy.0 = Release|iPhone
		{D006A6B1-6BC9-47C6-BC37-10FB2A6802BB}.Release|iPhoneSimulator.ActiveCfg = Release|iPhoneSimulator
		{D006A6B1-6BC9-47C6-BC37-10FB2A6802BB}.Release|iPhoneSimulator.Build.0 = Release|iPhoneSimulator
		{D006A6B1-6BC9-47C6-BC37-10FB2A6802BB}.Release|iPhoneSimulator.Deploy.0 = Release|iPhoneSimulator
		{74EC35F3-5FF4-4B74-A1E4-BA39F57D20E2}.Debug|Any CPU.ActiveCfg = Debug|Any CPU
		{74EC35F3-5FF4-4B74-A1E4-BA39F57D20E2}.Debug|Any CPU.Build.0 = Debug|Any CPU
		{74EC35F3-5FF4-4B74-A1E4-BA39F57D20E2}.Debug|Any CPU.Deploy.0 = Debug|Any CPU
		{74EC35F3-5FF4-4B74-A1E4-BA39F57D20E2}.Debug|iPhone.ActiveCfg = Debug|Any CPU
		{74EC35F3-5FF4-4B74-A1E4-BA39F57D20E2}.Debug|iPhone.Build.0 = Debug|Any CPU
		{74EC35F3-5FF4-4B74-A1E4-BA39F57D20E2}.Debug|iPhone.Deploy.0 = Debug|Any CPU
		{74EC35F3-5FF4-4B74-A1E4-BA39F57D20E2}.Debug|iPhoneSimulator.ActiveCfg = Debug|Any CPU
		{74EC35F3-5FF4-4B74-A1E4-BA39F57D20E2}.Debug|iPhoneSimulator.Build.0 = Debug|Any CPU
		{74EC35F3-5FF4-4B74-A1E4-BA39F57D20E2}.Debug|iPhoneSimulator.Deploy.0 = Debug|Any CPU
		{74EC35F3-5FF4-4B74-A1E4-BA39F57D20E2}.Release|Any CPU.ActiveCfg = Release|Any CPU
		{74EC35F3-5FF4-4B74-A1E4-BA39F57D20E2}.Release|Any CPU.Build.0 = Release|Any CPU
		{74EC35F3-5FF4-4B74-A1E4-BA39F57D20E2}.Release|Any CPU.Deploy.0 = Release|Any CPU
		{74EC35F3-5FF4-4B74-A1E4-BA39F57D20E2}.Release|iPhone.ActiveCfg = Release|Any CPU
		{74EC35F3-5FF4-4B74-A1E4-BA39F57D20E2}.Release|iPhone.Build.0 = Release|Any CPU
		{74EC35F3-5FF4-4B74-A1E4-BA39F57D20E2}.Release|iPhone.Deploy.0 = Release|Any CPU
		{74EC35F3-5FF4-4B74-A1E4-BA39F57D20E2}.Release|iPhoneSimulator.ActiveCfg = Release|Any CPU
		{74EC35F3-5FF4-4B74-A1E4-BA39F57D20E2}.Release|iPhoneSimulator.Build.0 = Release|Any CPU
		{74EC35F3-5FF4-4B74-A1E4-BA39F57D20E2}.Release|iPhoneSimulator.Deploy.0 = Release|Any CPU
	EndGlobalSection
	GlobalSection(SolutionProperties) = preSolution
		HideSolutionNode = FALSE
	EndGlobalSection
	GlobalSection(ExtensibilityGlobals) = postSolution
		SolutionGuid = {EDD3BD7A-313C-4C63-8632-B16FBDFFB2B1}
	EndGlobalSection
EndGlobal
